
Microsoft Visual Studio Solution File, Format Version 12.00
# Visual Studio Version 17
VisualStudioVersion = 17.5.33530.505
MinimumVisualStudioVersion = 10.0.40219.1
Project("{FAE04EC0-301F-11D3-BF4B-00C04F79EFBC}") = "Yenetta code", "Yenetta code\Yenetta code.csproj", "{1694CCA0-030F-4557-A017-FB5A72B4434E}"
EndProject
Global
	GlobalSection(SolutionConfigurationPlatforms) = preSolution
		Debug|Any CPU = Debug|Any CPU
		Release|Any CPU = Release|Any CPU
	EndGlobalSection
	GlobalSection(ProjectConfigurationPlatforms) = postSolution
		{1694CCA0-030F-4557-A017-FB5A72B4434E}.Debug|Any CPU.ActiveCfg = Debug|Any CPU
		{1694CCA0-030F-4557-A017-FB5A72B4434E}.Debug|Any CPU.Build.0 = Debug|Any CPU
		{1694CCA0-030F-4557-A017-FB5A72B4434E}.Release|Any CPU.ActiveCfg = Release|Any CPU
		{1694CCA0-030F-4557-A017-FB5A72B4434E}.Release|Any CPU.Build.0 = Release|Any CPU
	EndGlobalSection
	GlobalSection(SolutionProperties) = preSolution
		HideSolutionNode = FALSE
	EndGlobalSection
	GlobalSection(ExtensibilityGlobals) = postSolution
		SolutionGuid = {595AF718-B41D-4A8B-AE0B-0972D098AB21}
	EndGlobalSection
EndGlobal
